
Microsoft Visual Studio Solution File, Format Version 12.00
# Visual Studio Version 16
VisualStudioVersion = 16.0.29424.173
MinimumVisualStudioVersion = 10.0.40219.1
Project("{FAE04EC0-301F-11D3-BF4B-00C04F79EFBC}") = "SkinBlender", "SkinBlender\SkinBlender.csproj", "{FFBFF59F-965D-4C1A-B3C0-8898BA2A10C0}"
EndProject
Global
	GlobalSection(SolutionConfigurationPlatforms) = preSolution
		Debug|Any CPU = Debug|Any CPU
		Release|Any CPU = Release|Any CPU
	EndGlobalSection
	GlobalSection(ProjectConfigurationPlatforms) = postSolution
		{FFBFF59F-965D-4C1A-B3C0-8898BA2A10C0}.Debug|Any CPU.ActiveCfg = Debug|Any CPU
		{FFBFF59F-965D-4C1A-B3C0-8898BA2A10C0}.Debug|Any CPU.Build.0 = Debug|Any CPU
		{FFBFF59F-965D-4C1A-B3C0-8898BA2A10C0}.Release|Any CPU.ActiveCfg = Release|Any CPU
		{FFBFF59F-965D-4C1A-B3C0-8898BA2A10C0}.Release|Any CPU.Build.0 = Release|Any CPU
	EndGlobalSection
	GlobalSection(SolutionProperties) = preSolution
		HideSolutionNode = FALSE
	EndGlobalSection
	GlobalSection(ExtensibilityGlobals) = postSolution
		SolutionGuid = {070712F2-4524-4D06-893F-37FAF3C4AB10}
	EndGlobalSection
EndGlobal
